// !$*UTF8*$!
{
	archiveVersion = 1;
	classes = {
	};
	objectVersion = 56;
	objects = {

/* Begin PBXBuildFile section */
		8E48C9232A7793DD0075A70C /* CRUD_DIApp.swift in Sources */ = {isa = PBXBuildFile; fileRef = 8E48C9222A7793DD0075A70C /* CRUD_DIApp.swift */; };
		8E48C9252A7793DD0075A70C /* ContentView.swift in Sources */ = {isa = PBXBuildFile; fileRef = 8E48C9242A7793DD0075A70C /* ContentView.swift */; };
		8E48C9272A7793DF0075A70C /* Assets.xcassets in Resources */ = {isa = PBXBuildFile; fileRef = 8E48C9262A7793DF0075A70C /* Assets.xcassets */; };
		8E48C92A2A7793DF0075A70C /* Preview Assets.xcassets in Resources */ = {isa = PBXBuildFile; fileRef = 8E48C9292A7793DF0075A70C /* Preview Assets.xcassets */; };
		8E48C93D2A7794940075A70C /* ItemListViewModel.swift in Sources */ = {isa = PBXBuildFile; fileRef = 8E48C93A2A7794940075A70C /* ItemListViewModel.swift */; };
		8E48C93E2A7794940075A70C /* ItemDetailViewModel.swift in Sources */ = {isa = PBXBuildFile; fileRef = 8E48C93B2A7794940075A70C /* ItemDetailViewModel.swift */; };
		8E48C93F2A7794940075A70C /* ItemInsertViewModel.swift in Sources */ = {isa = PBXBuildFile; fileRef = 8E48C93C2A7794940075A70C /* ItemInsertViewModel.swift */; };
		8E48C9422A7795000075A70C /* UIPilot in Frameworks */ = {isa = PBXBuildFile; productRef = 8E48C9412A7795000075A70C /* UIPilot */; };
		8E48C9452A7795170075A70C /* SQLite in Frameworks */ = {isa = PBXBuildFile; productRef = 8E48C9442A7795170075A70C /* SQLite */; };
		8E48C9492A77952C0075A70C /* AppDataStore.swift in Sources */ = {isa = PBXBuildFile; fileRef = 8E48C9472A77952B0075A70C /* AppDataStore.swift */; };
		8E48C94A2A77952C0075A70C /* ItemRepository.swift in Sources */ = {isa = PBXBuildFile; fileRef = 8E48C9482A77952B0075A70C /* ItemRepository.swift */; };
		8E48C94E2A7795340075A70C /* PItem.swift in Sources */ = {isa = PBXBuildFile; fileRef = 8E48C94C2A7795330075A70C /* PItem.swift */; };
		8E48C94F2A7795340075A70C /* PGeneric.swift in Sources */ = {isa = PBXBuildFile; fileRef = 8E48C94D2A7795330075A70C /* PGeneric.swift */; };
		8E48C9542A77953A0075A70C /* ItemListView.swift in Sources */ = {isa = PBXBuildFile; fileRef = 8E48C9512A77953A0075A70C /* ItemListView.swift */; };
		8E48C9552A77953A0075A70C /* ItemDetailView.swift in Sources */ = {isa = PBXBuildFile; fileRef = 8E48C9522A77953A0075A70C /* ItemDetailView.swift */; };
		8E48C9562A77953A0075A70C /* ItemInsertView.swift in Sources */ = {isa = PBXBuildFile; fileRef = 8E48C9532A77953A0075A70C /* ItemInsertView.swift */; };
		8E48C9592A7795430075A70C /* Enums.swift in Sources */ = {isa = PBXBuildFile; fileRef = 8E48C9582A7795420075A70C /* Enums.swift */; };
		8E48C95D2A77954A0075A70C /* Item.swift in Sources */ = {isa = PBXBuildFile; fileRef = 8E48C95B2A7795490075A70C /* Item.swift */; };
		8E48C95E2A77954A0075A70C /* ItemDbModel.swift in Sources */ = {isa = PBXBuildFile; fileRef = 8E48C95C2A7795490075A70C /* ItemDbModel.swift */; };
		8E48C9602A77955B0075A70C /* AppDelegate.swift in Sources */ = {isa = PBXBuildFile; fileRef = 8E48C95F2A7795590075A70C /* AppDelegate.swift */; };
/* End PBXBuildFile section */

/* Begin PBXFileReference section */
		8E48C91F2A7793DD0075A70C /* CRUD_DI.app */ = {isa = PBXFileReference; explicitFileType = wrapper.application; includeInIndex = 0; path = CRUD_DI.app; sourceTree = BUILT_PRODUCTS_DIR; };
		8E48C9222A7793DD0075A70C /* CRUD_DIApp.swift */ = {isa = PBXFileReference; lastKnownFileType = sourcecode.swift; path = CRUD_DIApp.swift; sourceTree = "<group>"; };
		8E48C9242A7793DD0075A70C /* ContentView.swift */ = {isa = PBXFileReference; lastKnownFileType = sourcecode.swift; path = ContentView.swift; sourceTree = "<group>"; };
		8E48C9262A7793DF0075A70C /* Assets.xcassets */ = {isa = PBXFileReference; lastKnownFileType = folder.assetcatalog; path = Assets.xcassets; sourceTree = "<group>"; };
		8E48C9292A7793DF0075A70C /* Preview Assets.xcassets */ = {isa = PBXFileReference; lastKnownFileType = folder.assetcatalog; path = "Preview Assets.xcassets"; sourceTree = "<group>"; };
		8E48C93A2A7794940075A70C /* ItemListViewModel.swift */ = {isa = PBXFileReference; fileEncoding = 4; lastKnownFileType = sourcecode.swift; path = ItemListViewModel.swift; sourceTree = "<group>"; };
		8E48C93B2A7794940075A70C /* ItemDetailViewModel.swift */ = {isa = PBXFileReference; fileEncoding = 4; lastKnownFileType = sourcecode.swift; path = ItemDetailViewModel.swift; sourceTree = "<group>"; };
		8E48C93C2A7794940075A70C /* ItemInsertViewModel.swift */ = {isa = PBXFileReference; fileEncoding = 4; lastKnownFileType = sourcecode.swift; path = ItemInsertViewModel.swift; sourceTree = "<group>"; };
		8E48C9472A77952B0075A70C /* AppDataStore.swift */ = {isa = PBXFileReference; fileEncoding = 4; lastKnownFileType = sourcecode.swift; path = AppDataStore.swift; sourceTree = "<group>"; };
		8E48C9482A77952B0075A70C /* ItemRepository.swift */ = {isa = PBXFileReference; fileEncoding = 4; lastKnownFileType = sourcecode.swift; path = ItemRepository.swift; sourceTree = "<group>"; };
		8E48C94C2A7795330075A70C /* PItem.swift */ = {isa = PBXFileReference; fileEncoding = 4; lastKnownFileType = sourcecode.swift; path = PItem.swift; sourceTree = "<group>"; };
		8E48C94D2A7795330075A70C /* PGeneric.swift */ = {isa = PBXFileReference; fileEncoding = 4; lastKnownFileType = sourcecode.swift; path = PGeneric.swift; sourceTree = "<group>"; };
		8E48C9512A77953A0075A70C /* ItemListView.swift */ = {isa = PBXFileReference; fileEncoding = 4; lastKnownFileType = sourcecode.swift; path = ItemListView.swift; sourceTree = "<group>"; };
		8E48C9522A77953A0075A70C /* ItemDetailView.swift */ = {isa = PBXFileReference; fileEncoding = 4; lastKnownFileType = sourcecode.swift; path = ItemDetailView.swift; sourceTree = "<group>"; };
		8E48C9532A77953A0075A70C /* ItemInsertView.swift */ = {isa = PBXFileReference; fileEncoding = 4; lastKnownFileType = sourcecode.swift; path = ItemInsertView.swift; sourceTree = "<group>"; };
		8E48C9582A7795420075A70C /* Enums.swift */ = {isa = PBXFileReference; fileEncoding = 4; lastKnownFileType = sourcecode.swift; path = Enums.swift; sourceTree = "<group>"; };
		8E48C95B2A7795490075A70C /* Item.swift */ = {isa = PBXFileReference; fileEncoding = 4; lastKnownFileType = sourcecode.swift; path = Item.swift; sourceTree = "<group>"; };
		8E48C95C2A7795490075A70C /* ItemDbModel.swift */ = {isa = PBXFileReference; fileEncoding = 4; lastKnownFileType = sourcecode.swift; path = ItemDbModel.swift; sourceTree = "<group>"; };
		8E48C95F2A7795590075A70C /* AppDelegate.swift */ = {isa = PBXFileReference; fileEncoding = 4; lastKnownFileType = sourcecode.swift; path = AppDelegate.swift; sourceTree = "<group>"; };
/* End PBXFileReference section */

/* Begin PBXFrameworksBuildPhase section */
		8E48C91C2A7793DD0075A70C /* Frameworks */ = {
			isa = PBXFrameworksBuildPhase;
			buildActionMask = 2147483647;
			files = (
				8E48C9452A7795170075A70C /* SQLite in Frameworks */,
				8E48C9422A7795000075A70C /* UIPilot in Frameworks */,
			);
			runOnlyForDeploymentPostprocessing = 0;
		};
/* End PBXFrameworksBuildPhase section */

/* Begin PBXGroup section */
		8E48C9162A7793DD0075A70C = {
			isa = PBXGroup;
			children = (
				8E48C9212A7793DD0075A70C /* CRUD_DI */,
				8E48C9202A7793DD0075A70C /* Products */,
			);
			sourceTree = "<group>";
		};
		8E48C9202A7793DD0075A70C /* Products */ = {
			isa = PBXGroup;
			children = (
				8E48C91F2A7793DD0075A70C /* CRUD_DI.app */,
			);
			name = Products;
			sourceTree = "<group>";
		};
		8E48C9212A7793DD0075A70C /* CRUD_DI */ = {
			isa = PBXGroup;
			children = (
				8E48C95A2A7795490075A70C /* Entities */,
				8E48C94B2A7795330075A70C /* Protocols */,
				8E48C9392A7794940075A70C /* Models */,
				8E48C9462A77952B0075A70C /* Repositories */,
				8E48C9502A77953A0075A70C /* Views */,
				8E48C9572A7795420075A70C /* Helpers */,
				8E48C9282A7793DF0075A70C /* Preview Content */,
				8E48C95F2A7795590075A70C /* AppDelegate.swift */,
				8E48C9222A7793DD0075A70C /* CRUD_DIApp.swift */,
				8E48C9242A7793DD0075A70C /* ContentView.swift */,
				8E48C9262A7793DF0075A70C /* Assets.xcassets */,
			);
			path = CRUD_DI;
			sourceTree = "<group>";
		};
		8E48C9282A7793DF0075A70C /* Preview Content */ = {
			isa = PBXGroup;
			children = (
				8E48C9292A7793DF0075A70C /* Preview Assets.xcassets */,
			);
			path = "Preview Content";
			sourceTree = "<group>";
		};
		8E48C9392A7794940075A70C /* Models */ = {
			isa = PBXGroup;
			children = (
				8E48C93A2A7794940075A70C /* ItemListViewModel.swift */,
				8E48C93B2A7794940075A70C /* ItemDetailViewModel.swift */,
				8E48C93C2A7794940075A70C /* ItemInsertViewModel.swift */,
			);
			path = Models;
			sourceTree = "<group>";
		};
		8E48C9462A77952B0075A70C /* Repositories */ = {
			isa = PBXGroup;
			children = (
				8E48C9472A77952B0075A70C /* AppDataStore.swift */,
				8E48C9482A77952B0075A70C /* ItemRepository.swift */,
			);
			path = Repositories;
			sourceTree = "<group>";
		};
		8E48C94B2A7795330075A70C /* Protocols */ = {
			isa = PBXGroup;
			children = (
				8E48C94C2A7795330075A70C /* PItem.swift */,
				8E48C94D2A7795330075A70C /* PGeneric.swift */,
			);
			path = Protocols;
			sourceTree = "<group>";
		};
		8E48C9502A77953A0075A70C /* Views */ = {
			isa = PBXGroup;
			children = (
				8E48C9512A77953A0075A70C /* ItemListView.swift */,
				8E48C9522A77953A0075A70C /* ItemDetailView.swift */,
				8E48C9532A77953A0075A70C /* ItemInsertView.swift */,
			);
			path = Views;
			sourceTree = "<group>";
		};
		8E48C9572A7795420075A70C /* Helpers */ = {
			isa = PBXGroup;
			children = (
				8E48C9582A7795420075A70C /* Enums.swift */,
			);
			path = Helpers;
			sourceTree = "<group>";
		};
		8E48C95A2A7795490075A70C /* Entities */ = {
			isa = PBXGroup;
			children = (
				8E48C95B2A7795490075A70C /* Item.swift */,
				8E48C95C2A7795490075A70C /* ItemDbModel.swift */,
			);
			path = Entities;
			sourceTree = "<group>";
		};
/* End PBXGroup section */

/* Begin PBXNativeTarget section */
		8E48C91E2A7793DD0075A70C /* CRUD_DI */ = {
			isa = PBXNativeTarget;
			buildConfigurationList = 8E48C92D2A7793DF0075A70C /* Build configuration list for PBXNativeTarget "CRUD_DI" */;
			buildPhases = (
				8E48C91B2A7793DD0075A70C /* Sources */,
				8E48C91C2A7793DD0075A70C /* Frameworks */,
				8E48C91D2A7793DD0075A70C /* Resources */,
			);
			buildRules = (
			);
			dependencies = (
			);
			name = CRUD_DI;
			packageProductDependencies = (
				8E48C9412A7795000075A70C /* UIPilot */,
				8E48C9442A7795170075A70C /* SQLite */,
			);
			productName = CRUD_DI;
			productReference = 8E48C91F2A7793DD0075A70C /* CRUD_DI.app */;
			productType = "com.apple.product-type.application";
		};
/* End PBXNativeTarget section */

/* Begin PBXProject section */
		8E48C9172A7793DD0075A70C /* Project object */ = {
			isa = PBXProject;
			attributes = {
				BuildIndependentTargetsInParallel = 1;
				LastSwiftUpdateCheck = 1420;
				LastUpgradeCheck = 1420;
				TargetAttributes = {
					8E48C91E2A7793DD0075A70C = {
						CreatedOnToolsVersion = 14.2;
					};
				};
			};
			buildConfigurationList = 8E48C91A2A7793DD0075A70C /* Build configuration list for PBXProject "CRUD_DI" */;
			compatibilityVersion = "Xcode 14.0";
			developmentRegion = en;
			hasScannedForEncodings = 0;
			knownRegions = (
				en,
				Base,
			);
			mainGroup = 8E48C9162A7793DD0075A70C;
			packageReferences = (
				8E48C9402A7795000075A70C /* XCRemoteSwiftPackageReference "UIPilot" */,
				8E48C9432A7795170075A70C /* XCRemoteSwiftPackageReference "SQLite.swift" */,
			);
			productRefGroup = 8E48C9202A7793DD0075A70C /* Products */;
			projectDirPath = "";
			projectRoot = "";
			targets = (
				8E48C91E2A7793DD0075A70C /* CRUD_DI */,
			);
		};
/* End PBXProject section */

/* Begin PBXResourcesBuildPhase section */
		8E48C91D2A7793DD0075A70C /* Resources */ = {
			isa = PBXResourcesBuildPhase;
			buildActionMask = 2147483647;
			files = (
				8E48C92A2A7793DF0075A70C /* Preview Assets.xcassets in Resources */,
				8E48C9272A7793DF0075A70C /* Assets.xcassets in Resources */,
			);
			runOnlyForDeploymentPostprocessing = 0;
		};
/* End PBXResourcesBuildPhase section */

/* Begin PBXSourcesBuildPhase section */
		8E48C91B2A7793DD0075A70C /* Sources */ = {
			isa = PBXSourcesBuildPhase;
			buildActionMask = 2147483647;
			files = (
				8E48C9252A7793DD0075A70C /* ContentView.swift in Sources */,
				8E48C9232A7793DD0075A70C /* CRUD_DIApp.swift in Sources */,
				8E48C9562A77953A0075A70C /* ItemInsertView.swift in Sources */,
				8E48C93F2A7794940075A70C /* ItemInsertViewModel.swift in Sources */,
				8E48C95D2A77954A0075A70C /* Item.swift in Sources */,
				8E48C9552A77953A0075A70C /* ItemDetailView.swift in Sources */,
				8E48C93E2A7794940075A70C /* ItemDetailViewModel.swift in Sources */,
				8E48C95E2A77954A0075A70C /* ItemDbModel.swift in Sources */,
				8E48C9602A77955B0075A70C /* AppDelegate.swift in Sources */,
				8E48C93D2A7794940075A70C /* ItemListViewModel.swift in Sources */,
				8E48C9592A7795430075A70C /* Enums.swift in Sources */,
				8E48C94F2A7795340075A70C /* PGeneric.swift in Sources */,
				8E48C94E2A7795340075A70C /* PItem.swift in Sources */,
				8E48C9542A77953A0075A70C /* ItemListView.swift in Sources */,
				8E48C9492A77952C0075A70C /* AppDataStore.swift in Sources */,
				8E48C94A2A77952C0075A70C /* ItemRepository.swift in Sources */,
			);
			runOnlyForDeploymentPostprocessing = 0;
		};
/* End PBXSourcesBuildPhase section */

/* Begin XCBuildConfiguration section */
		8E48C92B2A7793DF0075A70C /* Debug */ = {
			isa = XCBuildConfiguration;
			buildSettings = {
				ALWAYS_SEARCH_USER_PATHS = NO;
				CLANG_ANALYZER_NONNULL = YES;
				CLANG_ANALYZER_NUMBER_OBJECT_CONVERSION = YES_AGGRESSIVE;
				CLANG_CXX_LANGUAGE_STANDARD = "gnu++20";
				CLANG_ENABLE_MODULES = YES;
				CLANG_ENABLE_OBJC_ARC = YES;
				CLANG_ENABLE_OBJC_WEAK = YES;
				CLANG_WARN_BLOCK_CAPTURE_AUTORELEASING = YES;
				CLANG_WARN_BOOL_CONVERSION = YES;
				CLANG_WARN_COMMA = YES;
				CLANG_WARN_CONSTANT_CONVERSION = YES;
				CLANG_WARN_DEPRECATED_OBJC_IMPLEMENTATIONS = YES;
				CLANG_WARN_DIRECT_OBJC_ISA_USAGE = YES_ERROR;
				CLANG_WARN_DOCUMENTATION_COMMENTS = YES;
				CLANG_WARN_EMPTY_BODY = YES;
				CLANG_WARN_ENUM_CONVERSION = YES;
				CLANG_WARN_INFINITE_RECURSION = YES;
				CLANG_WARN_INT_CONVERSION = YES;
				CLANG_WARN_NON_LITERAL_NULL_CONVERSION = YES;
				CLANG_WARN_OBJC_IMPLICIT_RETAIN_SELF = YES;
				CLANG_WARN_OBJC_LITERAL_CONVERSION = YES;
				CLANG_WARN_OBJC_ROOT_CLASS = YES_ERROR;
				CLANG_WARN_QUOTED_INCLUDE_IN_FRAMEWORK_HEADER = YES;
				CLANG_WARN_RANGE_LOOP_ANALYSIS = YES;
				CLANG_WARN_STRICT_PROTOTYPES = YES;
				CLANG_WARN_SUSPICIOUS_MOVE = YES;
				CLANG_WARN_UNGUARDED_AVAILABILITY = YES_AGGRESSIVE;
				CLANG_WARN_UNREACHABLE_CODE = YES;
				CLANG_WARN__DUPLICATE_METHOD_MATCH = YES;
				COPY_PHASE_STRIP = NO;
				DEBUG_INFORMATION_FORMAT = dwarf;
				ENABLE_STRICT_OBJC_MSGSEND = YES;
				ENABLE_TESTABILITY = YES;
				GCC_C_LANGUAGE_STANDARD = gnu11;
				GCC_DYNAMIC_NO_PIC = NO;
				GCC_NO_COMMON_BLOCKS = YES;
				GCC_OPTIMIZATION_LEVEL = 0;
				GCC_PREPROCESSOR_DEFINITIONS = (
					"DEBUG=1",
					"$(inherited)",
				);
				GCC_WARN_64_TO_32_BIT_CONVERSION = YES;
				GCC_WARN_ABOUT_RETURN_TYPE = YES_ERROR;
				GCC_WARN_UNDECLARED_SELECTOR = YES;
				GCC_WARN_UNINITIALIZED_AUTOS = YES_AGGRESSIVE;
				GCC_WARN_UNUSED_FUNCTION = YES;
				GCC_WARN_UNUSED_VARIABLE = YES;
				IPHONEOS_DEPLOYMENT_TARGET = 16.2;
				MTL_ENABLE_DEBUG_INFO = INCLUDE_SOURCE;
				MTL_FAST_MATH = YES;
				ONLY_ACTIVE_ARCH = YES;
				SDKROOT = iphoneos;
				SWIFT_ACTIVE_COMPILATION_CONDITIONS = DEBUG;
				SWIFT_OPTIMIZATION_LEVEL = "-Onone";
			};
			name = Debug;
		};
		8E48C92C2A7793DF0075A70C /* Release */ = {
			isa = XCBuildConfiguration;
			buildSettings = {
				ALWAYS_SEARCH_USER_PATHS = NO;
				CLANG_ANALYZER_NONNULL = YES;
				CLANG_ANALYZER_NUMBER_OBJECT_CONVERSION = YES_AGGRESSIVE;
				CLANG_CXX_LANGUAGE_STANDARD = "gnu++20";
				CLANG_ENABLE_MODULES = YES;
				CLANG_ENABLE_OBJC_ARC = YES;
				CLANG_ENABLE_OBJC_WEAK = YES;
				CLANG_WARN_BLOCK_CAPTURE_AUTORELEASING = YES;
				CLANG_WARN_BOOL_CONVERSION = YES;
				CLANG_WARN_COMMA = YES;
				CLANG_WARN_CONSTANT_CONVERSION = YES;
				CLANG_WARN_DEPRECATED_OBJC_IMPLEMENTATIONS = YES;
				CLANG_WARN_DIRECT_OBJC_ISA_USAGE = YES_ERROR;
				CLANG_WARN_DOCUMENTATION_COMMENTS = YES;
				CLANG_WARN_EMPTY_BODY = YES;
				CLANG_WARN_ENUM_CONVERSION = YES;
				CLANG_WARN_INFINITE_RECURSION = YES;
				CLANG_WARN_INT_CONVERSION = YES;
				CLANG_WARN_NON_LITERAL_NULL_CONVERSION = YES;
				CLANG_WARN_OBJC_IMPLICIT_RETAIN_SELF = YES;
				CLANG_WARN_OBJC_LITERAL_CONVERSION = YES;
				CLANG_WARN_OBJC_ROOT_CLASS = YES_ERROR;
				CLANG_WARN_QUOTED_INCLUDE_IN_FRAMEWORK_HEADER = YES;
				CLANG_WARN_RANGE_LOOP_ANALYSIS = YES;
				CLANG_WARN_STRICT_PROTOTYPES = YES;
				CLANG_WARN_SUSPICIOUS_MOVE = YES;
				CLANG_WARN_UNGUARDED_AVAILABILITY = YES_AGGRESSIVE;
				CLANG_WARN_UNREACHABLE_CODE = YES;
				CLANG_WARN__DUPLICATE_METHOD_MATCH = YES;
				COPY_PHASE_STRIP = NO;
				DEBUG_INFORMATION_FORMAT = "dwarf-with-dsym";
				ENABLE_NS_ASSERTIONS = NO;
				ENABLE_STRICT_OBJC_MSGSEND = YES;
				GCC_C_LANGUAGE_STANDARD = gnu11;
				GCC_NO_COMMON_BLOCKS = YES;
				GCC_WARN_64_TO_32_BIT_CONVERSION = YES;
				GCC_WARN_ABOUT_RETURN_TYPE = YES_ERROR;
				GCC_WARN_UNDECLARED_SELECTOR = YES;
				GCC_WARN_UNINITIALIZED_AUTOS = YES_AGGRESSIVE;
				GCC_WARN_UNUSED_FUNCTION = YES;
				GCC_WARN_UNUSED_VARIABLE = YES;
				IPHONEOS_DEPLOYMENT_TARGET = 16.2;
				MTL_ENABLE_DEBUG_INFO = NO;
				MTL_FAST_MATH = YES;
				SDKROOT = iphoneos;
				SWIFT_COMPILATION_MODE = wholemodule;
				SWIFT_OPTIMIZATION_LEVEL = "-O";
				VALIDATE_PRODUCT = YES;
			};
			name = Release;
		};
		8E48C92E2A7793DF0075A70C /* Debug */ = {
			isa = XCBuildConfiguration;
			buildSettings = {
				ASSETCATALOG_COMPILER_APPICON_NAME = AppIcon;
				ASSETCATALOG_COMPILER_GLOBAL_ACCENT_COLOR_NAME = AccentColor;
				CODE_SIGN_STYLE = Automatic;
				CURRENT_PROJECT_VERSION = 1;
				DEVELOPMENT_ASSET_PATHS = "\"CRUD_DI/Preview Content\"";
				DEVELOPMENT_TEAM = 64AVCAK68Y;
				ENABLE_PREVIEWS = YES;
				GENERATE_INFOPLIST_FILE = YES;
				INFOPLIST_KEY_UIApplicationSceneManifest_Generation = YES;
				INFOPLIST_KEY_UIApplicationSupportsIndirectInputEvents = YES;
				INFOPLIST_KEY_UILaunchScreen_Generation = YES;
				INFOPLIST_KEY_UISupportedInterfaceOrientations_iPad = "UIInterfaceOrientationPortrait UIInterfaceOrientationPortraitUpsideDown UIInterfaceOrientationLandscapeLeft UIInterfaceOrientationLandscapeRight";
				INFOPLIST_KEY_UISupportedInterfaceOrientations_iPhone = "UIInterfaceOrientationPortrait UIInterfaceOrientationLandscapeLeft UIInterfaceOrientationLandscapeRight";
				IPHONEOS_DEPLOYMENT_TARGET = 15.0;
				LD_RUNPATH_SEARCH_PATHS = (
					"$(inherited)",
					"@executable_path/Frameworks",
				);
				MARKETING_VERSION = 1.0;
				PRODUCT_BUNDLE_IDENTIFIER = "MMVH.CRUD-DI";
				PRODUCT_NAME = "$(TARGET_NAME)";
				SWIFT_EMIT_LOC_STRINGS = YES;
				SWIFT_VERSION = 5.0;
				TARGETED_DEVICE_FAMILY = "1,2";
			};
			name = Debug;
		};
		8E48C92F2A7793DF0075A70C /* Release */ = {
			isa = XCBuildConfiguration;
			buildSettings = {
				ASSETCATALOG_COMPILER_APPICON_NAME = AppIcon;
				ASSETCATALOG_COMPILER_GLOBAL_ACCENT_COLOR_NAME = AccentColor;
				CODE_SIGN_STYLE = Automatic;
				CURRENT_PROJECT_VERSION = 1;
				DEVELOPMENT_ASSET_PATHS = "\"CRUD_DI/Preview Content\"";
				DEVELOPMENT_TEAM = 64AVCAK68Y;
				ENABLE_PREVIEWS = YES;
				GENERATE_INFOPLIST_FILE = YES;
				INFOPLIST_KEY_UIApplicationSceneManifest_Generation = YES;
				INFOPLIST_KEY_UIApplicationSupportsIndirectInputEvents = YES;
				INFOPLIST_KEY_UILaunchScreen_Generation = YES;
				INFOPLIST_KEY_UISupportedInterfaceOrientations_iPad = "UIInterfaceOrientationPortrait UIInterfaceOrientationPortraitUpsideDown UIInterfaceOrientationLandscapeLeft UIInterfaceOrientationLandscapeRight";
				INFOPLIST_KEY_UISupportedInterfaceOrientations_iPhone = "UIInterfaceOrientationPortrait UIInterfaceOrientationLandscapeLeft UIInterfaceOrientationLandscapeRight";
				IPHONEOS_DEPLOYMENT_TARGET = 15.0;
				LD_RUNPATH_SEARCH_PATHS = (
					"$(inherited)",
					"@executable_path/Frameworks",
				);
				MARKETING_VERSION = 1.0;
				PRODUCT_BUNDLE_IDENTIFIER = "MMVH.CRUD-DI";
				PRODUCT_NAME = "$(TARGET_NAME)";
				SWIFT_EMIT_LOC_STRINGS = YES;
				SWIFT_VERSION = 5.0;
				TARGETED_DEVICE_FAMILY = "1,2";
			};
			name = Release;
		};
/* End XCBuildConfiguration section */

/* Begin XCConfigurationList section */
		8E48C91A2A7793DD0075A70C /* Build configuration list for PBXProject "CRUD_DI" */ = {
			isa = XCConfigurationList;
			buildConfigurations = (
				8E48C92B2A7793DF0075A70C /* Debug */,
				8E48C92C2A7793DF0075A70C /* Release */,
			);
			defaultConfigurationIsVisible = 0;
			defaultConfigurationName = Release;
		};
		8E48C92D2A7793DF0075A70C /* Build configuration list for PBXNativeTarget "CRUD_DI" */ = {
			isa = XCConfigurationList;
			buildConfigurations = (
				8E48C92E2A7793DF0075A70C /* Debug */,
				8E48C92F2A7793DF0075A70C /* Release */,
			);
			defaultConfigurationIsVisible = 0;
			defaultConfigurationName = Release;
		};
/* End XCConfigurationList section */

/* Begin XCRemoteSwiftPackageReference section */
		8E48C9402A7795000075A70C /* XCRemoteSwiftPackageReference "UIPilot" */ = {
			isa = XCRemoteSwiftPackageReference;
			repositoryURL = "https://github.com/canopas/UIPilot.git";
			requirement = {
				branch = main;
				kind = branch;
			};
		};
		8E48C9432A7795170075A70C /* XCRemoteSwiftPackageReference "SQLite.swift" */ = {
			isa = XCRemoteSwiftPackageReference;
			repositoryURL = "https://github.com/stephencelis/SQLite.swift.git";
			requirement = {
				branch = master;
				kind = branch;
			};
		};
/* End XCRemoteSwiftPackageReference section */

/* Begin XCSwiftPackageProductDependency section */
		8E48C9412A7795000075A70C /* UIPilot */ = {
			isa = XCSwiftPackageProductDependency;
			package = 8E48C9402A7795000075A70C /* XCRemoteSwiftPackageReference "UIPilot" */;
			productName = UIPilot;
		};
		8E48C9442A7795170075A70C /* SQLite */ = {
			isa = XCSwiftPackageProductDependency;
			package = 8E48C9432A7795170075A70C /* XCRemoteSwiftPackageReference "SQLite.swift" */;
			productName = SQLite;
		};
/* End XCSwiftPackageProductDependency section */
	};
	rootObject = 8E48C9172A7793DD0075A70C /* Project object */;
}
